// !$*UTF8*$!
{
	archiveVersion = 1;
	classes = {
	};
	objectVersion = 46;
	objects = {

/* Begin PBXBuildFile section */
		30D9D3D91D93946B0022259E /* AppDelegate.swift in Sources */ = {isa = PBXBuildFile; fileRef = 30D9D3D81D93946B0022259E /* AppDelegate.swift */; };
		30D9D3DB1D93946B0022259E /* ChooseViewController.swift in Sources */ = {isa = PBXBuildFile; fileRef = 30D9D3DA1D93946B0022259E /* ChooseViewController.swift */; };
		30D9D3DE1D93946B0022259E /* Main.storyboard in Resources */ = {isa = PBXBuildFile; fileRef = 30D9D3DC1D93946B0022259E /* Main.storyboard */; };
		30D9D3E01D93946B0022259E /* Assets.xcassets in Resources */ = {isa = PBXBuildFile; fileRef = 30D9D3DF1D93946B0022259E /* Assets.xcassets */; };
		30D9D3E31D93946B0022259E /* LaunchScreen.storyboard in Resources */ = {isa = PBXBuildFile; fileRef = 30D9D3E11D93946B0022259E /* LaunchScreen.storyboard */; };
		30D9D3ED1D94F09F0022259E /* ResultsViewController.swift in Sources */ = {isa = PBXBuildFile; fileRef = 30D9D3EC1D94F09F0022259E /* ResultsViewController.swift */; };
/* End PBXBuildFile section */

/* Begin PBXFileReference section */
		30D9D3D51D93946B0022259E /* Paper Rock Scissors.app */ = {isa = PBXFileReference; explicitFileType = wrapper.application; includeInIndex = 0; path = "Paper Rock Scissors.app"; sourceTree = BUILT_PRODUCTS_DIR; };
		30D9D3D81D93946B0022259E /* AppDelegate.swift */ = {isa = PBXFileReference; lastKnownFileType = sourcecode.swift; path = AppDelegate.swift; sourceTree = "<group>"; };
		30D9D3DA1D93946B0022259E /* ChooseViewController.swift */ = {isa = PBXFileReference; lastKnownFileType = sourcecode.swift; path = ChooseViewController.swift; sourceTree = "<group>"; };
		30D9D3DD1D93946B0022259E /* Base */ = {isa = PBXFileReference; lastKnownFileType = file.storyboard; name = Base; path = Base.lproj/Main.storyboard; sourceTree = "<group>"; };
		30D9D3DF1D93946B0022259E /* Assets.xcassets */ = {isa = PBXFileReference; lastKnownFileType = folder.assetcatalog; path = Assets.xcassets; sourceTree = "<group>"; };
		30D9D3E21D93946B0022259E /* Base */ = {isa = PBXFileReference; lastKnownFileType = file.storyboard; name = Base; path = Base.lproj/LaunchScreen.storyboard; sourceTree = "<group>"; };
		30D9D3E41D93946B0022259E /* Info.plist */ = {isa = PBXFileReference; lastKnownFileType = text.plist.xml; path = Info.plist; sourceTree = "<group>"; };
		30D9D3EC1D94F09F0022259E /* ResultsViewController.swift */ = {isa = PBXFileReference; fileEncoding = 4; lastKnownFileType = sourcecode.swift; path = ResultsViewController.swift; sourceTree = "<group>"; };
/* End PBXFileReference section */

/* Begin PBXFrameworksBuildPhase section */
		30D9D3D21D93946B0022259E /* Frameworks */ = {
			isa = PBXFrameworksBuildPhase;
			buildActionMask = 2147483647;
			files = (
			);
			runOnlyForDeploymentPostprocessing = 0;
		};
/* End PBXFrameworksBuildPhase section */

/* Begin PBXGroup section */
		30D9D3CC1D93946B0022259E = {
			isa = PBXGroup;
			children = (
				30D9D3D71D93946B0022259E /* Paper Rock Scissors */,
				30D9D3D61D93946B0022259E /* Products */,
			);
			sourceTree = "<group>";
		};
		30D9D3D61D93946B0022259E /* Products */ = {
			isa = PBXGroup;
			children = (
				30D9D3D51D93946B0022259E /* Paper Rock Scissors.app */,
			);
			name = Products;
			sourceTree = "<group>";
		};
		30D9D3D71D93946B0022259E /* Paper Rock Scissors */ = {
			isa = PBXGroup;
			children = (
				30D9D3D81D93946B0022259E /* AppDelegate.swift */,
				30D9D3DA1D93946B0022259E /* ChooseViewController.swift */,
				30D9D3EC1D94F09F0022259E /* ResultsViewController.swift */,
				30D9D3DC1D93946B0022259E /* Main.storyboard */,
				30D9D3DF1D93946B0022259E /* Assets.xcassets */,
				30D9D3E11D93946B0022259E /* LaunchScreen.storyboard */,
				30D9D3E41D93946B0022259E /* Info.plist */,
			);
			path = "Paper Rock Scissors";
			sourceTree = "<group>";
		};
/* End PBXGroup section */

/* Begin PBXNativeTarget section */
		30D9D3D41D93946B0022259E /* Paper Rock Scissors */ = {
			isa = PBXNativeTarget;
			buildConfigurationList = 30D9D3E71D93946B0022259E /* Build configuration list for PBXNativeTarget "Paper Rock Scissors" */;
			buildPhases = (
				30D9D3D11D93946B0022259E /* Sources */,
				30D9D3D21D93946B0022259E /* Frameworks */,
				30D9D3D31D93946B0022259E /* Resources */,
			);
			buildRules = (
			);
			dependencies = (
			);
			name = "Paper Rock Scissors";
			productName = "Paper Rock Scissors";
			productReference = 30D9D3D51D93946B0022259E /* Paper Rock Scissors.app */;
			productType = "com.apple.product-type.application";
		};
/* End PBXNativeTarget section */

/* Begin PBXProject section */
		30D9D3CD1D93946B0022259E /* Project object */ = {
			isa = PBXProject;
			attributes = {
				LastSwiftUpdateCheck = 0800;
				LastUpgradeCheck = 0800;
				ORGANIZATIONNAME = "Ryan Smith";
				TargetAttributes = {
					30D9D3D41D93946B0022259E = {
						CreatedOnToolsVersion = 8.0;
						DevelopmentTeam = ZJFS9DCDDS;
						ProvisioningStyle = Automatic;
					};
				};
			};
			buildConfigurationList = 30D9D3D01D93946B0022259E /* Build configuration list for PBXProject "Paper Rock Scissors" */;
			compatibilityVersion = "Xcode 3.2";
			developmentRegion = English;
			hasScannedForEncodings = 0;
			knownRegions = (
				en,
				Base,
			);
			mainGroup = 30D9D3CC1D93946B0022259E;
			productRefGroup = 30D9D3D61D93946B0022259E /* Products */;
			projectDirPath = "";
			projectRoot = "";
			targets = (
				30D9D3D41D93946B0022259E /* Paper Rock Scissors */,
			);
		};
/* End PBXProject section */

/* Begin PBXResourcesBuildPhase section */
		30D9D3D31D93946B0022259E /* Resources */ = {
			isa = PBXResourcesBuildPhase;
			buildActionMask = 2147483647;
			files = (
				30D9D3E31D93946B0022259E /* LaunchScreen.storyboard in Resources */,
				30D9D3E01D93946B0022259E /* Assets.xcassets in Resources */,
				30D9D3DE1D93946B0022259E /* Main.storyboard in Resources */,
			);
			runOnlyForDeploymentPostprocessing = 0;
		};
/* End PBXResourcesBuildPhase section */

/* Begin PBXSourcesBuildPhase section */
		30D9D3D11D93946B0022259E /* Sources */ = {
			isa = PBXSourcesBuildPhase;
			buildActionMask = 2147483647;
			files = (
				30D9D3DB1D93946B0022259E /* ChooseViewController.swift in Sources */,
				30D9D3D91D93946B0022259E /* AppDelegate.swift in Sources */,
				30D9D3ED1D94F09F0022259E /* ResultsViewController.swift in Sources */,
			);
			runOnlyForDeploymentPostprocessing = 0;
		};
/* End PBXSourcesBuildPhase section */

/* Begin PBXVariantGroup section */
		30D9D3DC1D93946B0022259E /* Main.storyboard */ = {
			isa = PBXVariantGroup;
			children = (
				30D9D3DD1D93946B0022259E /* Base */,
			);
			name = Main.storyboard;
			sourceTree = "<group>";
		};
		30D9D3E11D93946B0022259E /* LaunchScreen.storyboard */ = {
			isa = PBXVariantGroup;
			children = (
				30D9D3E21D93946B0022259E /* Base */,
			);
			name = LaunchScreen.storyboard;
			sourceTree = "<group>";
		};
/* End PBXVariantGroup section */

/* Begin XCBuildConfiguration section */
		30D9D3E51D93946B0022259E /* Debug */ = {
			isa = XCBuildConfiguration;
			buildSettings = {
				ALWAYS_SEARCH_USER_PATHS = NO;
				CLANG_ANALYZER_NONNULL = YES;
				CLANG_CXX_LANGUAGE_STANDARD = "gnu++0x";
				CLANG_CXX_LIBRARY = "libc++";
				CLANG_ENABLE_MODULES = YES;
				CLANG_ENABLE_OBJC_ARC = YES;
				CLANG_WARN_BOOL_CONVERSION = YES;
				CLANG_WARN_CONSTANT_CONVERSION = YES;
				CLANG_WARN_DIRECT_OBJC_ISA_USAGE = YES_ERROR;
				CLANG_WARN_DOCUMENTATION_COMMENTS = YES;
				CLANG_WARN_EMPTY_BODY = YES;
				CLANG_WARN_ENUM_CONVERSION = YES;
				CLANG_WARN_INFINITE_RECURSION = YES;
				CLANG_WARN_INT_CONVERSION = YES;
				CLANG_WARN_OBJC_ROOT_CLASS = YES_ERROR;
				CLANG_WARN_SUSPICIOUS_MOVES = YES;
				CLANG_WARN_UNREACHABLE_CODE = YES;
				CLANG_WARN__DUPLICATE_METHOD_MATCH = YES;
				"CODE_SIGN_IDENTITY[sdk=iphoneos*]" = "iPhone Developer";
				COPY_PHASE_STRIP = NO;
				DEBUG_INFORMATION_FORMAT = dwarf;
				ENABLE_STRICT_OBJC_MSGSEND = YES;
				ENABLE_TESTABILITY = YES;
				GCC_C_LANGUAGE_STANDARD = gnu99;
				GCC_DYNAMIC_NO_PIC = NO;
				GCC_NO_COMMON_BLOCKS = YES;
				GCC_OPTIMIZATION_LEVEL = 0;
				GCC_PREPROCESSOR_DEFINITIONS = (
					"DEBUG=1",
					"$(inherited)",
				);
				GCC_WARN_64_TO_32_BIT_CONVERSION = YES;
				GCC_WARN_ABOUT_RETURN_TYPE = YES_ERROR;
				GCC_WARN_UNDECLARED_SELECTOR = YES;
				GCC_WARN_UNINITIALIZED_AUTOS = YES_AGGRESSIVE;
				GCC_WARN_UNUSED_FUNCTION = YES;
				GCC_WARN_UNUSED_VARIABLE = YES;
				IPHONEOS_DEPLOYMENT_TARGET = 10.0;
				MTL_ENABLE_DEBUG_INFO = YES;
				ONLY_ACTIVE_ARCH = YES;
				SDKROOT = iphoneos;
				SWIFT_ACTIVE_COMPILATION_CONDITIONS = DEBUG;
				SWIFT_OPTIMIZATION_LEVEL = "-Onone";
				TARGETED_DEVICE_FAMILY = "1,2";
			};
			name = Debug;
		};
		30D9D3E61D93946B0022259E /* Release */ = {
			isa = XCBuildConfiguration;
			buildSettings = {
				ALWAYS_SEARCH_USER_PATHS = NO;
				CLANG_ANALYZER_NONNULL = YES;
				CLANG_CXX_LANGUAGE_STANDARD = "gnu++0x";
				CLANG_CXX_LIBRARY = "libc++";
				CLANG_ENABLE_MODULES = YES;
				CLANG_ENABLE_OBJC_ARC = YES;
				CLANG_WARN_BOOL_CONVERSION = YES;
				CLANG_WARN_CONSTANT_CONVERSION = YES;
				CLANG_WARN_DIRECT_OBJC_ISA_USAGE = YES_ERROR;
				CLANG_WARN_DOCUMENTATION_COMMENTS = YES;
				CLANG_WARN_EMPTY_BODY = YES;
				CLANG_WARN_ENUM_CONVERSION = YES;
				CLANG_WARN_INFINITE_RECURSION = YES;
				CLANG_WARN_INT_CONVERSION = YES;
				CLANG_WARN_OBJC_ROOT_CLASS = YES_ERROR;
				CLANG_WARN_SUSPICIOUS_MOVES = YES;
				CLANG_WARN_UNREACHABLE_CODE = YES;
				CLANG_WARN__DUPLICATE_METHOD_MATCH = YES;
				"CODE_SIGN_IDENTITY[sdk=iphoneos*]" = "iPhone Developer";
				COPY_PHASE_STRIP = NO;
				DEBUG_INFORMATION_FORMAT = "dwarf-with-dsym";
				ENABLE_NS_ASSERTIONS = NO;
				ENABLE_STRICT_OBJC_MSGSEND = YES;
				GCC_C_LANGUAGE_STANDARD = gnu99;
				GCC_NO_COMMON_BLOCKS = YES;
				GCC_WARN_64_TO_32_BIT_CONVERSION = YES;
				GCC_WARN_ABOUT_RETURN_TYPE = YES_ERROR;
				GCC_WARN_UNDECLARED_SELECTOR = YES;
				GCC_WARN_UNINITIALIZED_AUTOS = YES_AGGRESSIVE;
				GCC_WARN_UNUSED_FUNCTION = YES;
				GCC_WARN_UNUSED_VARIABLE = YES;
				IPHONEOS_DEPLOYMENT_TARGET = 10.0;
				MTL_ENABLE_DEBUG_INFO = NO;
				SDKROOT = iphoneos;
				SWIFT_OPTIMIZATION_LEVEL = "-Owholemodule";
				TARGETED_DEVICE_FAMILY = "1,2";
				VALIDATE_PRODUCT = YES;
			};
			name = Release;
		};
		30D9D3E81D93946B0022259E /* Debug */ = {
			isa = XCBuildConfiguration;
			buildSettings = {
				ASSETCATALOG_COMPILER_APPICON_NAME = AppIcon;
				DEVELOPMENT_TEAM = ZJFS9DCDDS;
				INFOPLIST_FILE = "Paper Rock Scissors/Info.plist";
				LD_RUNPATH_SEARCH_PATHS = "$(inherited) @executable_path/Frameworks";
				PRODUCT_BUNDLE_IDENTIFIER = "com.ryonsmyth.Paper-Rock-Scissors";
				PRODUCT_NAME = "$(TARGET_NAME)";
				SWIFT_VERSION = 3.0;
			};
			name = Debug;
		};
		30D9D3E91D93946B0022259E /* Release */ = {
			isa = XCBuildConfiguration;
			buildSettings = {
				ASSETCATALOG_COMPILER_APPICON_NAME = AppIcon;
				DEVELOPMENT_TEAM = ZJFS9DCDDS;
				INFOPLIST_FILE = "Paper Rock Scissors/Info.plist";
				LD_RUNPATH_SEARCH_PATHS = "$(inherited) @executable_path/Frameworks";
				PRODUCT_BUNDLE_IDENTIFIER = "com.ryonsmyth.Paper-Rock-Scissors";
				PRODUCT_NAME = "$(TARGET_NAME)";
				SWIFT_VERSION = 3.0;
			};
			name = Release;
		};
/* End XCBuildConfiguration section */

/* Begin XCConfigurationList section */
		30D9D3D01D93946B0022259E /* Build configuration list for PBXProject "Paper Rock Scissors" */ = {
			isa = XCConfigurationList;
			buildConfigurations = (
				30D9D3E51D93946B0022259E /* Debug */,
				30D9D3E61D93946B0022259E /* Release */,
			);
			defaultConfigurationIsVisible = 0;
			defaultConfigurationName = Release;
		};
		30D9D3E71D93946B0022259E /* Build configuration list for PBXNativeTarget "Paper Rock Scissors" */ = {
			isa = XCConfigurationList;
			buildConfigurations = (
				30D9D3E81D93946B0022259E /* Debug */,
				30D9D3E91D93946B0022259E /* Release */,
			);
			defaultConfigurationIsVisible = 0;
			defaultConfigurationName = Release;
		};
/* End XCConfigurationList section */
	};
	rootObject = 30D9D3CD1D93946B0022259E /* Project object */;
}
